// !$*UTF8*$!
{
	archiveVersion = 1;
	classes = {
	};
	objectVersion = 46;
	objects = {

/* Begin PBXBuildFile section */
		C83B4D1817E11B57009F5DCC /* QuartzCore.framework in Frameworks */ = {isa = PBXBuildFile; fileRef = C83B4D1717E11B57009F5DCC /* QuartzCore.framework */; };
		C83B4D1A17E11B81009F5DCC /* IOKit.framework in Frameworks */ = {isa = PBXBuildFile; fileRef = C83B4D1917E11B81009F5DCC /* IOKit.framework */; };
		C8A1948E17DCE37700C0F7FC /* TPTrackerGitHub.m in Sources */ = {isa = PBXBuildFile; fileRef = C8A1948D17DCE37700C0F7FC /* TPTrackerGitHub.m */; };
		C8A1949117DCF84100C0F7FC /* TPTrackerTrello.m in Sources */ = {isa = PBXBuildFile; fileRef = C8A1949017DCF84100C0F7FC /* TPTrackerTrello.m */; };
		C8A1949417DD145100C0F7FC /* TPTrackerBrunchBuilds.m in Sources */ = {isa = PBXBuildFile; fileRef = C8A1949317DD145100C0F7FC /* TPTrackerBrunchBuilds.m */; };
		C8A1949717DD272E00C0F7FC /* TPTrackerEmail.m in Sources */ = {isa = PBXBuildFile; fileRef = C8A1949617DD272E00C0F7FC /* TPTrackerEmail.m */; };
		C8A1949C17DEDDCC00C0F7FC /* TPTrackerWorkHours.m in Sources */ = {isa = PBXBuildFile; fileRef = C8A1949B17DEDDCC00C0F7FC /* TPTrackerWorkHours.m */; };
		C8AF4BF518221E870007835F /* ApplicationServices.framework in Frameworks */ = {isa = PBXBuildFile; fileRef = C8AF4BF418221E870007835F /* ApplicationServices.framework */; };
		C8E5F62717E8186E00129E0D /* TPTrackerScreen.m in Sources */ = {isa = PBXBuildFile; fileRef = C8E5F62617E8186E00129E0D /* TPTrackerScreen.m */; };
		C8E9BEE417EEA27100049672 /* WebKit.framework in Frameworks */ = {isa = PBXBuildFile; fileRef = C8E9BEE317EEA27100049672 /* WebKit.framework */; };
		C8EBF4B6182BF43D00D33029 /* listen.wav in Resources */ = {isa = PBXBuildFile; fileRef = C8EBF4B5182BF43D00D33029 /* listen.wav */; };
		C8F6325917D1053800330DFD /* Cocoa.framework in Frameworks */ = {isa = PBXBuildFile; fileRef = C8F6325817D1053800330DFD /* Cocoa.framework */; };
		C8F6326317D1053800330DFD /* InfoPlist.strings in Resources */ = {isa = PBXBuildFile; fileRef = C8F6326117D1053800330DFD /* InfoPlist.strings */; };
		C8F6326517D1053800330DFD /* main.m in Sources */ = {isa = PBXBuildFile; fileRef = C8F6326417D1053800330DFD /* main.m */; };
		C8F6326917D1053800330DFD /* Credits.rtf in Resources */ = {isa = PBXBuildFile; fileRef = C8F6326717D1053800330DFD /* Credits.rtf */; };
		C8F6326C17D1053800330DFD /* TPAppDelegate.m in Sources */ = {isa = PBXBuildFile; fileRef = C8F6326B17D1053800330DFD /* TPAppDelegate.m */; };
		C8F6326F17D1053800330DFD /* MainMenu.xib in Resources */ = {isa = PBXBuildFile; fileRef = C8F6326D17D1053800330DFD /* MainMenu.xib */; };
		C8F6327217D1053800330DFD /* Telepath.xcdatamodeld in Sources */ = {isa = PBXBuildFile; fileRef = C8F6327017D1053800330DFD /* Telepath.xcdatamodeld */; };
		C8F6327417D1053800330DFD /* Images.xcassets in Resources */ = {isa = PBXBuildFile; fileRef = C8F6327317D1053800330DFD /* Images.xcassets */; };
		C8F6327B17D1053800330DFD /* XCTest.framework in Frameworks */ = {isa = PBXBuildFile; fileRef = C8F6327A17D1053800330DFD /* XCTest.framework */; };
		C8F6327C17D1053800330DFD /* Cocoa.framework in Frameworks */ = {isa = PBXBuildFile; fileRef = C8F6325817D1053800330DFD /* Cocoa.framework */; };
		C8F6328417D1053800330DFD /* InfoPlist.strings in Resources */ = {isa = PBXBuildFile; fileRef = C8F6328217D1053800330DFD /* InfoPlist.strings */; };
		C8F6328617D1053800330DFD /* TelepathTests.m in Sources */ = {isa = PBXBuildFile; fileRef = C8F6328517D1053800330DFD /* TelepathTests.m */; };
		C8F6329017D1057D00330DFD /* QTKit.framework in Frameworks */ = {isa = PBXBuildFile; fileRef = C8F6328F17D1057D00330DFD /* QTKit.framework */; };
		C8F6329417D1074200330DFD /* TPHUDWindowController.m in Sources */ = {isa = PBXBuildFile; fileRef = C8F6329217D1074200330DFD /* TPHUDWindowController.m */; };
		C8F6329517D1074200330DFD /* TPHUDWindowController.xib in Resources */ = {isa = PBXBuildFile; fileRef = C8F6329317D1074200330DFD /* TPHUDWindowController.xib */; };
		C8F6329817D109C200330DFD /* TPLightSensor.m in Sources */ = {isa = PBXBuildFile; fileRef = C8F6329717D109C200330DFD /* TPLightSensor.m */; };
		C8F6329C17D10C3C00330DFD /* ImageSnap.m in Sources */ = {isa = PBXBuildFile; fileRef = C8F6329B17D10C3C00330DFD /* ImageSnap.m */; settings = {COMPILER_FLAGS = "-fno-objc-arc"; }; };
		C8F632A517D26AD600330DFD /* TPTracker.m in Sources */ = {isa = PBXBuildFile; fileRef = C8F632A417D26AD600330DFD /* TPTracker.m */; };
		C8F632A817D26B8700330DFD /* TPTrackerKeyboard.m in Sources */ = {isa = PBXBuildFile; fileRef = C8F632A717D26B8700330DFD /* TPTrackerKeyboard.m */; };
		C8F632AB17D26B9000330DFD /* TPTrackerMouse.m in Sources */ = {isa = PBXBuildFile; fileRef = C8F632AA17D26B9000330DFD /* TPTrackerMouse.m */; };
		C8F632AE17D26B9A00330DFD /* TPTrackerWindow.m in Sources */ = {isa = PBXBuildFile; fileRef = C8F632AD17D26B9A00330DFD /* TPTrackerWindow.m */; };
		C8F632B117D26BA800330DFD /* TPTrackerLight.m in Sources */ = {isa = PBXBuildFile; fileRef = C8F632B017D26BA800330DFD /* TPTrackerLight.m */; };
		C8F632B417D26BC400330DFD /* TPTrackerCamera.m in Sources */ = {isa = PBXBuildFile; fileRef = C8F632B317D26BC400330DFD /* TPTrackerCamera.m */; };
		C8F632B817D26D8B00330DFD /* TPUtilities.m in Sources */ = {isa = PBXBuildFile; fileRef = C8F632B717D26D8B00330DFD /* TPUtilities.m */; };
		C8FACFAF17DBCCE0005182E6 /* TPWindow.m in Sources */ = {isa = PBXBuildFile; fileRef = C8FACFAE17DBCCE0005182E6 /* TPWindow.m */; };
/* End PBXBuildFile section */

/* Begin PBXContainerItemProxy section */
		C8F6327D17D1053800330DFD /* PBXContainerItemProxy */ = {
			isa = PBXContainerItemProxy;
			containerPortal = C8F6324D17D1053700330DFD /* Project object */;
			proxyType = 1;
			remoteGlobalIDString = C8F6325417D1053800330DFD;
			remoteInfo = Telepath;
		};
/* End PBXContainerItemProxy section */

/* Begin PBXFileReference section */
		C83B4D1717E11B57009F5DCC /* QuartzCore.framework */ = {isa = PBXFileReference; lastKnownFileType = wrapper.framework; name = QuartzCore.framework; path = System/Library/Frameworks/QuartzCore.framework; sourceTree = SDKROOT; };
		C83B4D1917E11B81009F5DCC /* IOKit.framework */ = {isa = PBXFileReference; lastKnownFileType = wrapper.framework; name = IOKit.framework; path = System/Library/Frameworks/IOKit.framework; sourceTree = SDKROOT; };
		C8A1948C17DCE37700C0F7FC /* TPTrackerGitHub.h */ = {isa = PBXFileReference; fileEncoding = 4; lastKnownFileType = sourcecode.c.h; path = TPTrackerGitHub.h; sourceTree = "<group>"; };
		C8A1948D17DCE37700C0F7FC /* TPTrackerGitHub.m */ = {isa = PBXFileReference; fileEncoding = 4; lastKnownFileType = sourcecode.c.objc; path = TPTrackerGitHub.m; sourceTree = "<group>"; };
		C8A1948F17DCF84100C0F7FC /* TPTrackerTrello.h */ = {isa = PBXFileReference; fileEncoding = 4; lastKnownFileType = sourcecode.c.h; path = TPTrackerTrello.h; sourceTree = "<group>"; };
		C8A1949017DCF84100C0F7FC /* TPTrackerTrello.m */ = {isa = PBXFileReference; fileEncoding = 4; lastKnownFileType = sourcecode.c.objc; path = TPTrackerTrello.m; sourceTree = "<group>"; };
		C8A1949217DD145100C0F7FC /* TPTrackerBrunchBuilds.h */ = {isa = PBXFileReference; fileEncoding = 4; lastKnownFileType = sourcecode.c.h; path = TPTrackerBrunchBuilds.h; sourceTree = "<group>"; };
		C8A1949317DD145100C0F7FC /* TPTrackerBrunchBuilds.m */ = {isa = PBXFileReference; fileEncoding = 4; lastKnownFileType = sourcecode.c.objc; path = TPTrackerBrunchBuilds.m; sourceTree = "<group>"; };
		C8A1949517DD272E00C0F7FC /* TPTrackerEmail.h */ = {isa = PBXFileReference; fileEncoding = 4; lastKnownFileType = sourcecode.c.h; path = TPTrackerEmail.h; sourceTree = "<group>"; };
		C8A1949617DD272E00C0F7FC /* TPTrackerEmail.m */ = {isa = PBXFileReference; fileEncoding = 4; lastKnownFileType = sourcecode.c.objc; path = TPTrackerEmail.m; sourceTree = "<group>"; };
		C8A1949A17DEDDCC00C0F7FC /* TPTrackerWorkHours.h */ = {isa = PBXFileReference; fileEncoding = 4; lastKnownFileType = sourcecode.c.h; path = TPTrackerWorkHours.h; sourceTree = "<group>"; };
		C8A1949B17DEDDCC00C0F7FC /* TPTrackerWorkHours.m */ = {isa = PBXFileReference; fileEncoding = 4; lastKnownFileType = sourcecode.c.objc; path = TPTrackerWorkHours.m; sourceTree = "<group>"; };
		C8AF4BF418221E870007835F /* ApplicationServices.framework */ = {isa = PBXFileReference; lastKnownFileType = wrapper.framework; name = ApplicationServices.framework; path = System/Library/Frameworks/ApplicationServices.framework; sourceTree = SDKROOT; };
		C8E5F62517E8186E00129E0D /* TPTrackerScreen.h */ = {isa = PBXFileReference; fileEncoding = 4; lastKnownFileType = sourcecode.c.h; path = TPTrackerScreen.h; sourceTree = "<group>"; };
		C8E5F62617E8186E00129E0D /* TPTrackerScreen.m */ = {isa = PBXFileReference; fileEncoding = 4; lastKnownFileType = sourcecode.c.objc; path = TPTrackerScreen.m; sourceTree = "<group>"; };
		C8E9BEE317EEA27100049672 /* WebKit.framework */ = {isa = PBXFileReference; lastKnownFileType = wrapper.framework; name = WebKit.framework; path = System/Library/Frameworks/WebKit.framework; sourceTree = SDKROOT; };
		C8EBF4B5182BF43D00D33029 /* listen.wav */ = {isa = PBXFileReference; lastKnownFileType = audio.wav; path = listen.wav; sourceTree = "<group>"; };
		C8F6325517D1053800330DFD /* Telepath.app */ = {isa = PBXFileReference; explicitFileType = wrapper.application; includeInIndex = 0; path = Telepath.app; sourceTree = BUILT_PRODUCTS_DIR; };
		C8F6325817D1053800330DFD /* Cocoa.framework */ = {isa = PBXFileReference; lastKnownFileType = wrapper.framework; name = Cocoa.framework; path = System/Library/Frameworks/Cocoa.framework; sourceTree = SDKROOT; };
		C8F6325B17D1053800330DFD /* AppKit.framework */ = {isa = PBXFileReference; lastKnownFileType = wrapper.framework; name = AppKit.framework; path = System/Library/Frameworks/AppKit.framework; sourceTree = SDKROOT; };
		C8F6325C17D1053800330DFD /* CoreData.framework */ = {isa = PBXFileReference; lastKnownFileType = wrapper.framework; name = CoreData.framework; path = System/Library/Frameworks/CoreData.framework; sourceTree = SDKROOT; };
		C8F6325D17D1053800330DFD /* Foundation.framework */ = {isa = PBXFileReference; lastKnownFileType = wrapper.framework; name = Foundation.framework; path = System/Library/Frameworks/Foundation.framework; sourceTree = SDKROOT; };
		C8F6326017D1053800330DFD /* Telepath-Info.plist */ = {isa = PBXFileReference; lastKnownFileType = text.plist.xml; path = "Telepath-Info.plist"; sourceTree = "<group>"; };
		C8F6326217D1053800330DFD /* en */ = {isa = PBXFileReference; lastKnownFileType = text.plist.strings; name = en; path = en.lproj/InfoPlist.strings; sourceTree = "<group>"; };
		C8F6326417D1053800330DFD /* main.m */ = {isa = PBXFileReference; lastKnownFileType = sourcecode.c.objc; path = main.m; sourceTree = "<group>"; };
		C8F6326617D1053800330DFD /* Telepath-Prefix.pch */ = {isa = PBXFileReference; lastKnownFileType = sourcecode.c.h; path = "Telepath-Prefix.pch"; sourceTree = "<group>"; };
		C8F6326817D1053800330DFD /* en */ = {isa = PBXFileReference; lastKnownFileType = text.rtf; name = en; path = en.lproj/Credits.rtf; sourceTree = "<group>"; };
		C8F6326A17D1053800330DFD /* TPAppDelegate.h */ = {isa = PBXFileReference; lastKnownFileType = sourcecode.c.h; path = TPAppDelegate.h; sourceTree = "<group>"; };
		C8F6326B17D1053800330DFD /* TPAppDelegate.m */ = {isa = PBXFileReference; lastKnownFileType = sourcecode.c.objc; path = TPAppDelegate.m; sourceTree = "<group>"; };
		C8F6326E17D1053800330DFD /* Base */ = {isa = PBXFileReference; lastKnownFileType = file.xib; name = Base; path = Base.lproj/MainMenu.xib; sourceTree = "<group>"; };
		C8F6327117D1053800330DFD /* Telepath.xcdatamodel */ = {isa = PBXFileReference; lastKnownFileType = wrapper.xcdatamodel; path = Telepath.xcdatamodel; sourceTree = "<group>"; };
		C8F6327317D1053800330DFD /* Images.xcassets */ = {isa = PBXFileReference; lastKnownFileType = folder.assetcatalog; path = Images.xcassets; sourceTree = "<group>"; };
		C8F6327917D1053800330DFD /* TelepathTests.xctest */ = {isa = PBXFileReference; explicitFileType = wrapper.cfbundle; includeInIndex = 0; path = TelepathTests.xctest; sourceTree = BUILT_PRODUCTS_DIR; };
		C8F6327A17D1053800330DFD /* XCTest.framework */ = {isa = PBXFileReference; lastKnownFileType = wrapper.framework; name = XCTest.framework; path = Library/Frameworks/XCTest.framework; sourceTree = DEVELOPER_DIR; };
		C8F6328117D1053800330DFD /* TelepathTests-Info.plist */ = {isa = PBXFileReference; lastKnownFileType = text.plist.xml; path = "TelepathTests-Info.plist"; sourceTree = "<group>"; };
		C8F6328317D1053800330DFD /* en */ = {isa = PBXFileReference; lastKnownFileType = text.plist.strings; name = en; path = en.lproj/InfoPlist.strings; sourceTree = "<group>"; };
		C8F6328517D1053800330DFD /* TelepathTests.m */ = {isa = PBXFileReference; lastKnownFileType = sourcecode.c.objc; path = TelepathTests.m; sourceTree = "<group>"; };
		C8F6328F17D1057D00330DFD /* QTKit.framework */ = {isa = PBXFileReference; lastKnownFileType = wrapper.framework; name = QTKit.framework; path = System/Library/Frameworks/QTKit.framework; sourceTree = SDKROOT; };
		C8F6329117D1074200330DFD /* TPHUDWindowController.h */ = {isa = PBXFileReference; fileEncoding = 4; lastKnownFileType = sourcecode.c.h; path = TPHUDWindowController.h; sourceTree = "<group>"; };
		C8F6329217D1074200330DFD /* TPHUDWindowController.m */ = {isa = PBXFileReference; fileEncoding = 4; lastKnownFileType = sourcecode.c.objc; path = TPHUDWindowController.m; sourceTree = "<group>"; };
		C8F6329317D1074200330DFD /* TPHUDWindowController.xib */ = {isa = PBXFileReference; fileEncoding = 4; lastKnownFileType = file.xib; path = TPHUDWindowController.xib; sourceTree = "<group>"; };
		C8F6329617D109C200330DFD /* TPLightSensor.h */ = {isa = PBXFileReference; fileEncoding = 4; lastKnownFileType = sourcecode.c.h; path = TPLightSensor.h; sourceTree = "<group>"; };
		C8F6329717D109C200330DFD /* TPLightSensor.m */ = {isa = PBXFileReference; fileEncoding = 4; lastKnownFileType = sourcecode.c.objc; path = TPLightSensor.m; sourceTree = "<group>"; };
		C8F6329A17D10C3C00330DFD /* ImageSnap.h */ = {isa = PBXFileReference; fileEncoding = 4; lastKnownFileType = sourcecode.c.h; path = ImageSnap.h; sourceTree = "<group>"; };
		C8F6329B17D10C3C00330DFD /* ImageSnap.m */ = {isa = PBXFileReference; fileEncoding = 4; lastKnownFileType = sourcecode.c.objc; path = ImageSnap.m; sourceTree = "<group>"; };
		C8F632A317D26AD600330DFD /* TPTracker.h */ = {isa = PBXFileReference; fileEncoding = 4; lastKnownFileType = sourcecode.c.h; path = TPTracker.h; sourceTree = "<group>"; };
		C8F632A417D26AD600330DFD /* TPTracker.m */ = {isa = PBXFileReference; fileEncoding = 4; lastKnownFileType = sourcecode.c.objc; path = TPTracker.m; sourceTree = "<group>"; };
		C8F632A617D26B8700330DFD /* TPTrackerKeyboard.h */ = {isa = PBXFileReference; fileEncoding = 4; lastKnownFileType = sourcecode.c.h; path = TPTrackerKeyboard.h; sourceTree = "<group>"; };
		C8F632A717D26B8700330DFD /* TPTrackerKeyboard.m */ = {isa = PBXFileReference; fileEncoding = 4; lastKnownFileType = sourcecode.c.objc; path = TPTrackerKeyboard.m; sourceTree = "<group>"; };
		C8F632A917D26B9000330DFD /* TPTrackerMouse.h */ = {isa = PBXFileReference; fileEncoding = 4; lastKnownFileType = sourcecode.c.h; path = TPTrackerMouse.h; sourceTree = "<group>"; };
		C8F632AA17D26B9000330DFD /* TPTrackerMouse.m */ = {isa = PBXFileReference; fileEncoding = 4; lastKnownFileType = sourcecode.c.objc; path = TPTrackerMouse.m; sourceTree = "<group>"; };
		C8F632AC17D26B9A00330DFD /* TPTrackerWindow.h */ = {isa = PBXFileReference; fileEncoding = 4; lastKnownFileType = sourcecode.c.h; path = TPTrackerWindow.h; sourceTree = "<group>"; };
		C8F632AD17D26B9A00330DFD /* TPTrackerWindow.m */ = {isa = PBXFileReference; fileEncoding = 4; lastKnownFileType = sourcecode.c.objc; path = TPTrackerWindow.m; sourceTree = "<group>"; };
		C8F632AF17D26BA800330DFD /* TPTrackerLight.h */ = {isa = PBXFileReference; fileEncoding = 4; lastKnownFileType = sourcecode.c.h; path = TPTrackerLight.h; sourceTree = "<group>"; };
		C8F632B017D26BA800330DFD /* TPTrackerLight.m */ = {isa = PBXFileReference; fileEncoding = 4; lastKnownFileType = sourcecode.c.objc; path = TPTrackerLight.m; sourceTree = "<group>"; };
		C8F632B217D26BC400330DFD /* TPTrackerCamera.h */ = {isa = PBXFileReference; fileEncoding = 4; lastKnownFileType = sourcecode.c.h; path = TPTrackerCamera.h; sourceTree = "<group>"; };
		C8F632B317D26BC400330DFD /* TPTrackerCamera.m */ = {isa = PBXFileReference; fileEncoding = 4; lastKnownFileType = sourcecode.c.objc; path = TPTrackerCamera.m; sourceTree = "<group>"; };
		C8F632B617D26D8B00330DFD /* TPUtilities.h */ = {isa = PBXFileReference; fileEncoding = 4; lastKnownFileType = sourcecode.c.h; path = TPUtilities.h; sourceTree = "<group>"; };
		C8F632B717D26D8B00330DFD /* TPUtilities.m */ = {isa = PBXFileReference; fileEncoding = 4; lastKnownFileType = sourcecode.c.objc; path = TPUtilities.m; sourceTree = "<group>"; };
		C8FACFAD17DBCCE0005182E6 /* TPWindow.h */ = {isa = PBXFileReference; fileEncoding = 4; lastKnownFileType = sourcecode.c.h; path = TPWindow.h; sourceTree = "<group>"; };
		C8FACFAE17DBCCE0005182E6 /* TPWindow.m */ = {isa = PBXFileReference; fileEncoding = 4; lastKnownFileType = sourcecode.c.objc; path = TPWindow.m; sourceTree = "<group>"; };
/* End PBXFileReference section */

/* Begin PBXFrameworksBuildPhase section */
		C8F6325217D1053800330DFD /* Frameworks */ = {
			isa = PBXFrameworksBuildPhase;
			buildActionMask = 2147483647;
			files = (
				C8AF4BF518221E870007835F /* ApplicationServices.framework in Frameworks */,
				C8E9BEE417EEA27100049672 /* WebKit.framework in Frameworks */,
				C83B4D1A17E11B81009F5DCC /* IOKit.framework in Frameworks */,
				C83B4D1817E11B57009F5DCC /* QuartzCore.framework in Frameworks */,
				C8F6329017D1057D00330DFD /* QTKit.framework in Frameworks */,
				C8F6325917D1053800330DFD /* Cocoa.framework in Frameworks */,
			);
			runOnlyForDeploymentPostprocessing = 0;
		};
		C8F6327617D1053800330DFD /* Frameworks */ = {
			isa = PBXFrameworksBuildPhase;
			buildActionMask = 2147483647;
			files = (
				C8F6327C17D1053800330DFD /* Cocoa.framework in Frameworks */,
				C8F6327B17D1053800330DFD /* XCTest.framework in Frameworks */,
			);
			runOnlyForDeploymentPostprocessing = 0;
		};
/* End PBXFrameworksBuildPhase section */

/* Begin PBXGroup section */
		C8EBF4B7182BF44D00D33029 /* Sounds */ = {
			isa = PBXGroup;
			children = (
				C8EBF4B5182BF43D00D33029 /* listen.wav */,
			);
			name = Sounds;
			sourceTree = "<group>";
		};
		C8F6324C17D1053700330DFD = {
			isa = PBXGroup;
			children = (
				C8F6325E17D1053800330DFD /* Telepath */,
				C8F6327F17D1053800330DFD /* TelepathTests */,
				C8F6325717D1053800330DFD /* Frameworks */,
				C8F6325617D1053800330DFD /* Products */,
			);
			sourceTree = "<group>";
		};
		C8F6325617D1053800330DFD /* Products */ = {
			isa = PBXGroup;
			children = (
				C8F6325517D1053800330DFD /* Telepath.app */,
				C8F6327917D1053800330DFD /* TelepathTests.xctest */,
			);
			name = Products;
			sourceTree = "<group>";
		};
		C8F6325717D1053800330DFD /* Frameworks */ = {
			isa = PBXGroup;
			children = (
				C8AF4BF418221E870007835F /* ApplicationServices.framework */,
				C8E9BEE317EEA27100049672 /* WebKit.framework */,
				C83B4D1917E11B81009F5DCC /* IOKit.framework */,
				C83B4D1717E11B57009F5DCC /* QuartzCore.framework */,
				C8F6328F17D1057D00330DFD /* QTKit.framework */,
				C8F6325817D1053800330DFD /* Cocoa.framework */,
				C8F6327A17D1053800330DFD /* XCTest.framework */,
				C8F6325A17D1053800330DFD /* Other Frameworks */,
			);
			name = Frameworks;
			sourceTree = "<group>";
		};
		C8F6325A17D1053800330DFD /* Other Frameworks */ = {
			isa = PBXGroup;
			children = (
				C8F6325B17D1053800330DFD /* AppKit.framework */,
				C8F6325C17D1053800330DFD /* CoreData.framework */,
				C8F6325D17D1053800330DFD /* Foundation.framework */,
			);
			name = "Other Frameworks";
			sourceTree = "<group>";
		};
		C8F6325E17D1053800330DFD /* Telepath */ = {
			isa = PBXGroup;
			children = (
				C8F6329917D10C2B00330DFD /* Third Party */,
				C8F632B517D26BDA00330DFD /* Trackers */,
				C8F6326A17D1053800330DFD /* TPAppDelegate.h */,
				C8F6326B17D1053800330DFD /* TPAppDelegate.m */,
				C8F6326D17D1053800330DFD /* MainMenu.xib */,
				C8F6329117D1074200330DFD /* TPHUDWindowController.h */,
				C8F6329217D1074200330DFD /* TPHUDWindowController.m */,
				C8F6329317D1074200330DFD /* TPHUDWindowController.xib */,
				C8FACFAD17DBCCE0005182E6 /* TPWindow.h */,
				C8FACFAE17DBCCE0005182E6 /* TPWindow.m */,
				C8F6329617D109C200330DFD /* TPLightSensor.h */,
				C8F6329717D109C200330DFD /* TPLightSensor.m */,
				C8F632B617D26D8B00330DFD /* TPUtilities.h */,
				C8F632B717D26D8B00330DFD /* TPUtilities.m */,
				C8F6327317D1053800330DFD /* Images.xcassets */,
				C8EBF4B7182BF44D00D33029 /* Sounds */,
				C8F6327017D1053800330DFD /* Telepath.xcdatamodeld */,
				C8F6325F17D1053800330DFD /* Supporting Files */,
			);
			path = Telepath;
			sourceTree = "<group>";
		};
		C8F6325F17D1053800330DFD /* Supporting Files */ = {
			isa = PBXGroup;
			children = (
				C8F6326017D1053800330DFD /* Telepath-Info.plist */,
				C8F6326117D1053800330DFD /* InfoPlist.strings */,
				C8F6326417D1053800330DFD /* main.m */,
				C8F6326617D1053800330DFD /* Telepath-Prefix.pch */,
				C8F6326717D1053800330DFD /* Credits.rtf */,
			);
			name = "Supporting Files";
			sourceTree = "<group>";
		};
		C8F6327F17D1053800330DFD /* TelepathTests */ = {
			isa = PBXGroup;
			children = (
				C8F6328517D1053800330DFD /* TelepathTests.m */,
				C8F6328017D1053800330DFD /* Supporting Files */,
			);
			path = TelepathTests;
			sourceTree = "<group>";
		};
		C8F6328017D1053800330DFD /* Supporting Files */ = {
			isa = PBXGroup;
			children = (
				C8F6328117D1053800330DFD /* TelepathTests-Info.plist */,
				C8F6328217D1053800330DFD /* InfoPlist.strings */,
			);
			name = "Supporting Files";
			sourceTree = "<group>";
		};
		C8F6329917D10C2B00330DFD /* Third Party */ = {
			isa = PBXGroup;
			children = (
				C8F6329A17D10C3C00330DFD /* ImageSnap.h */,
				C8F6329B17D10C3C00330DFD /* ImageSnap.m */,
			);
			name = "Third Party";
			sourceTree = "<group>";
		};
		C8F632B517D26BDA00330DFD /* Trackers */ = {
			isa = PBXGroup;
			children = (
				C8F632A317D26AD600330DFD /* TPTracker.h */,
				C8F632A417D26AD600330DFD /* TPTracker.m */,
				C8F632A617D26B8700330DFD /* TPTrackerKeyboard.h */,
				C8F632A717D26B8700330DFD /* TPTrackerKeyboard.m */,
				C8F632A917D26B9000330DFD /* TPTrackerMouse.h */,
				C8F632AA17D26B9000330DFD /* TPTrackerMouse.m */,
				C8F632AC17D26B9A00330DFD /* TPTrackerWindow.h */,
				C8F632AD17D26B9A00330DFD /* TPTrackerWindow.m */,
				C8F632AF17D26BA800330DFD /* TPTrackerLight.h */,
				C8F632B017D26BA800330DFD /* TPTrackerLight.m */,
				C8F632B217D26BC400330DFD /* TPTrackerCamera.h */,
				C8F632B317D26BC400330DFD /* TPTrackerCamera.m */,
				C8A1948C17DCE37700C0F7FC /* TPTrackerGitHub.h */,
				C8A1948D17DCE37700C0F7FC /* TPTrackerGitHub.m */,
				C8A1948F17DCF84100C0F7FC /* TPTrackerTrello.h */,
				C8A1949017DCF84100C0F7FC /* TPTrackerTrello.m */,
				C8A1949217DD145100C0F7FC /* TPTrackerBrunchBuilds.h */,
				C8A1949317DD145100C0F7FC /* TPTrackerBrunchBuilds.m */,
				C8A1949517DD272E00C0F7FC /* TPTrackerEmail.h */,
				C8A1949617DD272E00C0F7FC /* TPTrackerEmail.m */,
				C8A1949A17DEDDCC00C0F7FC /* TPTrackerWorkHours.h */,
				C8A1949B17DEDDCC00C0F7FC /* TPTrackerWorkHours.m */,
				C8E5F62517E8186E00129E0D /* TPTrackerScreen.h */,
				C8E5F62617E8186E00129E0D /* TPTrackerScreen.m */,
			);
			name = Trackers;
			sourceTree = "<group>";
		};
/* End PBXGroup section */

/* Begin PBXNativeTarget section */
		C8F6325417D1053800330DFD /* Telepath */ = {
			isa = PBXNativeTarget;
			buildConfigurationList = C8F6328917D1053800330DFD /* Build configuration list for PBXNativeTarget "Telepath" */;
			buildPhases = (
				C8F6325117D1053800330DFD /* Sources */,
				C8F6325217D1053800330DFD /* Frameworks */,
				C8F6325317D1053800330DFD /* Resources */,
			);
			buildRules = (
			);
			dependencies = (
			);
			name = Telepath;
			productName = Telepath;
			productReference = C8F6325517D1053800330DFD /* Telepath.app */;
			productType = "com.apple.product-type.application";
		};
		C8F6327817D1053800330DFD /* TelepathTests */ = {
			isa = PBXNativeTarget;
			buildConfigurationList = C8F6328C17D1053800330DFD /* Build configuration list for PBXNativeTarget "TelepathTests" */;
			buildPhases = (
				C8F6327517D1053800330DFD /* Sources */,
				C8F6327617D1053800330DFD /* Frameworks */,
				C8F6327717D1053800330DFD /* Resources */,
			);
			buildRules = (
			);
			dependencies = (
				C8F6327E17D1053800330DFD /* PBXTargetDependency */,
			);
			name = TelepathTests;
			productName = TelepathTests;
			productReference = C8F6327917D1053800330DFD /* TelepathTests.xctest */;
			productType = "com.apple.product-type.bundle.unit-test";
		};
/* End PBXNativeTarget section */

/* Begin PBXProject section */
		C8F6324D17D1053700330DFD /* Project object */ = {
			isa = PBXProject;
			attributes = {
				CLASSPREFIX = TP;
				LastUpgradeCheck = 0500;
				ORGANIZATIONNAME = "Nick Winter";
				TargetAttributes = {
					C8F6327817D1053800330DFD = {
						TestTargetID = C8F6325417D1053800330DFD;
					};
				};
			};
			buildConfigurationList = C8F6325017D1053700330DFD /* Build configuration list for PBXProject "Telepath" */;
			compatibilityVersion = "Xcode 3.2";
			developmentRegion = English;
			hasScannedForEncodings = 0;
			knownRegions = (
				en,
				Base,
			);
			mainGroup = C8F6324C17D1053700330DFD;
			productRefGroup = C8F6325617D1053800330DFD /* Products */;
			projectDirPath = "";
			projectRoot = "";
			targets = (
				C8F6325417D1053800330DFD /* Telepath */,
				C8F6327817D1053800330DFD /* TelepathTests */,
			);
		};
/* End PBXProject section */

/* Begin PBXResourcesBuildPhase section */
		C8F6325317D1053800330DFD /* Resources */ = {
			isa = PBXResourcesBuildPhase;
			buildActionMask = 2147483647;
			files = (
				C8F6326317D1053800330DFD /* InfoPlist.strings in Resources */,
				C8EBF4B6182BF43D00D33029 /* listen.wav in Resources */,
				C8F6327417D1053800330DFD /* Images.xcassets in Resources */,
				C8F6329517D1074200330DFD /* TPHUDWindowController.xib in Resources */,
				C8F6326917D1053800330DFD /* Credits.rtf in Resources */,
				C8F6326F17D1053800330DFD /* MainMenu.xib in Resources */,
			);
			runOnlyForDeploymentPostprocessing = 0;
		};
		C8F6327717D1053800330DFD /* Resources */ = {
			isa = PBXResourcesBuildPhase;
			buildActionMask = 2147483647;
			files = (
				C8F6328417D1053800330DFD /* InfoPlist.strings in Resources */,
			);
			runOnlyForDeploymentPostprocessing = 0;
		};
/* End PBXResourcesBuildPhase section */

/* Begin PBXSourcesBuildPhase section */
		C8F6325117D1053800330DFD /* Sources */ = {
			isa = PBXSourcesBuildPhase;
			buildActionMask = 2147483647;
			files = (
				C8F6326C17D1053800330DFD /* TPAppDelegate.m in Sources */,
				C8F6329C17D10C3C00330DFD /* ImageSnap.m in Sources */,
				C8F6327217D1053800330DFD /* Telepath.xcdatamodeld in Sources */,
				C8F632A517D26AD600330DFD /* TPTracker.m in Sources */,
				C8F6326517D1053800330DFD /* main.m in Sources */,
				C8A1949717DD272E00C0F7FC /* TPTrackerEmail.m in Sources */,
				C8A1949C17DEDDCC00C0F7FC /* TPTrackerWorkHours.m in Sources */,
				C8F632B417D26BC400330DFD /* TPTrackerCamera.m in Sources */,
				C8F632B817D26D8B00330DFD /* TPUtilities.m in Sources */,
				C8A1948E17DCE37700C0F7FC /* TPTrackerGitHub.m in Sources */,
				C8F6329417D1074200330DFD /* TPHUDWindowController.m in Sources */,
				C8A1949417DD145100C0F7FC /* TPTrackerBrunchBuilds.m in Sources */,
				C8E5F62717E8186E00129E0D /* TPTrackerScreen.m in Sources */,
				C8F632AE17D26B9A00330DFD /* TPTrackerWindow.m in Sources */,
				C8F632B117D26BA800330DFD /* TPTrackerLight.m in Sources */,
				C8F6329817D109C200330DFD /* TPLightSensor.m in Sources */,
				C8FACFAF17DBCCE0005182E6 /* TPWindow.m in Sources */,
				C8F632A817D26B8700330DFD /* TPTrackerKeyboard.m in Sources */,
				C8A1949117DCF84100C0F7FC /* TPTrackerTrello.m in Sources */,
				C8F632AB17D26B9000330DFD /* TPTrackerMouse.m in Sources */,
			);
			runOnlyForDeploymentPostprocessing = 0;
		};
		C8F6327517D1053800330DFD /* Sources */ = {
			isa = PBXSourcesBuildPhase;
			buildActionMask = 2147483647;
			files = (
				C8F6328617D1053800330DFD /* TelepathTests.m in Sources */,
			);
			runOnlyForDeploymentPostprocessing = 0;
		};
/* End PBXSourcesBuildPhase section */

/* Begin PBXTargetDependency section */
		C8F6327E17D1053800330DFD /* PBXTargetDependency */ = {
			isa = PBXTargetDependency;
			target = C8F6325417D1053800330DFD /* Telepath */;
			targetProxy = C8F6327D17D1053800330DFD /* PBXContainerItemProxy */;
		};
/* End PBXTargetDependency section */

/* Begin PBXVariantGroup section */
		C8F6326117D1053800330DFD /* InfoPlist.strings */ = {
			isa = PBXVariantGroup;
			children = (
				C8F6326217D1053800330DFD /* en */,
			);
			name = InfoPlist.strings;
			sourceTree = "<group>";
		};
		C8F6326717D1053800330DFD /* Credits.rtf */ = {
			isa = PBXVariantGroup;
			children = (
				C8F6326817D1053800330DFD /* en */,
			);
			name = Credits.rtf;
			sourceTree = "<group>";
		};
		C8F6326D17D1053800330DFD /* MainMenu.xib */ = {
			isa = PBXVariantGroup;
			children = (
				C8F6326E17D1053800330DFD /* Base */,
			);
			name = MainMenu.xib;
			sourceTree = "<group>";
		};
		C8F6328217D1053800330DFD /* InfoPlist.strings */ = {
			isa = PBXVariantGroup;
			children = (
				C8F6328317D1053800330DFD /* en */,
			);
			name = InfoPlist.strings;
			sourceTree = "<group>";
		};
/* End PBXVariantGroup section */

/* Begin XCBuildConfiguration section */
		C8F6328717D1053800330DFD /* Debug */ = {
			isa = XCBuildConfiguration;
			buildSettings = {
				ALWAYS_SEARCH_USER_PATHS = NO;
				CLANG_CXX_LANGUAGE_STANDARD = "gnu++0x";
				CLANG_CXX_LIBRARY = "libc++";
				CLANG_ENABLE_MODULES = YES;
				CLANG_ENABLE_OBJC_ARC = YES;
				CLANG_WARN_BOOL_CONVERSION = YES;
				CLANG_WARN_CONSTANT_CONVERSION = YES;
				CLANG_WARN_DIRECT_OBJC_ISA_USAGE = YES_ERROR;
				CLANG_WARN_EMPTY_BODY = YES;
				CLANG_WARN_ENUM_CONVERSION = YES;
				CLANG_WARN_INT_CONVERSION = YES;
				CLANG_WARN_OBJC_ROOT_CLASS = YES_ERROR;
				CLANG_WARN__DUPLICATE_METHOD_MATCH = YES;
				COPY_PHASE_STRIP = NO;
				GCC_C_LANGUAGE_STANDARD = gnu99;
				GCC_DYNAMIC_NO_PIC = NO;
				GCC_ENABLE_OBJC_EXCEPTIONS = YES;
				GCC_OPTIMIZATION_LEVEL = 0;
				GCC_PREPROCESSOR_DEFINITIONS = (
					"DEBUG=1",
					"$(inherited)",
				);
				GCC_SYMBOLS_PRIVATE_EXTERN = NO;
				GCC_WARN_64_TO_32_BIT_CONVERSION = YES;
				GCC_WARN_ABOUT_RETURN_TYPE = YES_ERROR;
				GCC_WARN_UNDECLARED_SELECTOR = YES;
				GCC_WARN_UNINITIALIZED_AUTOS = YES;
				GCC_WARN_UNUSED_FUNCTION = YES;
				GCC_WARN_UNUSED_VARIABLE = YES;
				MACOSX_DEPLOYMENT_TARGET = 10.8;
				ONLY_ACTIVE_ARCH = YES;
				SDKROOT = macosx;
			};
			name = Debug;
		};
		C8F6328817D1053800330DFD /* Release */ = {
			isa = XCBuildConfiguration;
			buildSettings = {
				ALWAYS_SEARCH_USER_PATHS = NO;
				CLANG_CXX_LANGUAGE_STANDARD = "gnu++0x";
				CLANG_CXX_LIBRARY = "libc++";
				CLANG_ENABLE_MODULES = YES;
				CLANG_ENABLE_OBJC_ARC = YES;
				CLANG_WARN_BOOL_CONVERSION = YES;
				CLANG_WARN_CONSTANT_CONVERSION = YES;
				CLANG_WARN_DIRECT_OBJC_ISA_USAGE = YES_ERROR;
				CLANG_WARN_EMPTY_BODY = YES;
				CLANG_WARN_ENUM_CONVERSION = YES;
				CLANG_WARN_INT_CONVERSION = YES;
				CLANG_WARN_OBJC_ROOT_CLASS = YES_ERROR;
				CLANG_WARN__DUPLICATE_METHOD_MATCH = YES;
				COPY_PHASE_STRIP = YES;
				DEBUG_INFORMATION_FORMAT = "dwarf-with-dsym";
				ENABLE_NS_ASSERTIONS = NO;
				GCC_C_LANGUAGE_STANDARD = gnu99;
				GCC_ENABLE_OBJC_EXCEPTIONS = YES;
				GCC_WARN_64_TO_32_BIT_CONVERSION = YES;
				GCC_WARN_ABOUT_RETURN_TYPE = YES_ERROR;
				GCC_WARN_UNDECLARED_SELECTOR = YES;
				GCC_WARN_UNINITIALIZED_AUTOS = YES;
				GCC_WARN_UNUSED_FUNCTION = YES;
				GCC_WARN_UNUSED_VARIABLE = YES;
				MACOSX_DEPLOYMENT_TARGET = 10.8;
				SDKROOT = macosx;
			};
			name = Release;
		};
		C8F6328A17D1053800330DFD /* Debug */ = {
			isa = XCBuildConfiguration;
			buildSettings = {
				ASSETCATALOG_COMPILER_APPICON_NAME = AppIcon;
				COMBINE_HIDPI_IMAGES = YES;
				GCC_PRECOMPILE_PREFIX_HEADER = YES;
				GCC_PREFIX_HEADER = "Telepath/Telepath-Prefix.pch";
				INFOPLIST_FILE = "Telepath/Telepath-Info.plist";
				PRODUCT_NAME = "$(TARGET_NAME)";
				WRAPPER_EXTENSION = app;
			};
			name = Debug;
		};
		C8F6328B17D1053800330DFD /* Release */ = {
			isa = XCBuildConfiguration;
			buildSettings = {
				ASSETCATALOG_COMPILER_APPICON_NAME = AppIcon;
				COMBINE_HIDPI_IMAGES = YES;
				GCC_PRECOMPILE_PREFIX_HEADER = YES;
				GCC_PREFIX_HEADER = "Telepath/Telepath-Prefix.pch";
				INFOPLIST_FILE = "Telepath/Telepath-Info.plist";
				PRODUCT_NAME = "$(TARGET_NAME)";
				WRAPPER_EXTENSION = app;
			};
			name = Release;
		};
		C8F6328D17D1053800330DFD /* Debug */ = {
			isa = XCBuildConfiguration;
			buildSettings = {
				BUNDLE_LOADER = "$(BUILT_PRODUCTS_DIR)/Telepath.app/Contents/MacOS/Telepath";
				COMBINE_HIDPI_IMAGES = YES;
				FRAMEWORK_SEARCH_PATHS = (
					"$(DEVELOPER_FRAMEWORKS_DIR)",
					"$(inherited)",
				);
				GCC_PRECOMPILE_PREFIX_HEADER = YES;
				GCC_PREFIX_HEADER = "Telepath/Telepath-Prefix.pch";
				GCC_PREPROCESSOR_DEFINITIONS = (
					"DEBUG=1",
					"$(inherited)",
				);
				INFOPLIST_FILE = "TelepathTests/TelepathTests-Info.plist";
				PRODUCT_NAME = "$(TARGET_NAME)";
				TEST_HOST = "$(BUNDLE_LOADER)";
				WRAPPER_EXTENSION = xctest;
			};
			name = Debug;
		};
		C8F6328E17D1053800330DFD /* Release */ = {
			isa = XCBuildConfiguration;
			buildSettings = {
				BUNDLE_LOADER = "$(BUILT_PRODUCTS_DIR)/Telepath.app/Contents/MacOS/Telepath";
				COMBINE_HIDPI_IMAGES = YES;
				FRAMEWORK_SEARCH_PATHS = (
					"$(DEVELOPER_FRAMEWORKS_DIR)",
					"$(inherited)",
				);
				GCC_PRECOMPILE_PREFIX_HEADER = YES;
				GCC_PREFIX_HEADER = "Telepath/Telepath-Prefix.pch";
				INFOPLIST_FILE = "TelepathTests/TelepathTests-Info.plist";
				PRODUCT_NAME = "$(TARGET_NAME)";
				TEST_HOST = "$(BUNDLE_LOADER)";
				WRAPPER_EXTENSION = xctest;
			};
			name = Release;
		};
/* End XCBuildConfiguration section */

/* Begin XCConfigurationList section */
		C8F6325017D1053700330DFD /* Build configuration list for PBXProject "Telepath" */ = {
			isa = XCConfigurationList;
			buildConfigurations = (
				C8F6328717D1053800330DFD /* Debug */,
				C8F6328817D1053800330DFD /* Release */,
			);
			defaultConfigurationIsVisible = 0;
			defaultConfigurationName = Release;
		};
		C8F6328917D1053800330DFD /* Build configuration list for PBXNativeTarget "Telepath" */ = {
			isa = XCConfigurationList;
			buildConfigurations = (
				C8F6328A17D1053800330DFD /* Debug */,
				C8F6328B17D1053800330DFD /* Release */,
			);
			defaultConfigurationIsVisible = 0;
			defaultConfigurationName = Release;
		};
		C8F6328C17D1053800330DFD /* Build configuration list for PBXNativeTarget "TelepathTests" */ = {
			isa = XCConfigurationList;
			buildConfigurations = (
				C8F6328D17D1053800330DFD /* Debug */,
				C8F6328E17D1053800330DFD /* Release */,
			);
			defaultConfigurationIsVisible = 0;
			defaultConfigurationName = Release;
		};
/* End XCConfigurationList section */

/* Begin XCVersionGroup section */
		C8F6327017D1053800330DFD /* Telepath.xcdatamodeld */ = {
			isa = XCVersionGroup;
			children = (
				C8F6327117D1053800330DFD /* Telepath.xcdatamodel */,
			);
			currentVersion = C8F6327117D1053800330DFD /* Telepath.xcdatamodel */;
			path = Telepath.xcdatamodeld;
			sourceTree = "<group>";
			versionGroupType = wrapper.xcdatamodel;
		};
/* End XCVersionGroup section */
	};
	rootObject = C8F6324D17D1053700330DFD /* Project object */;
}
